// !$*UTF8*$!
{
	archiveVersion = 1;
	classes = {
	};
	objectVersion = 46;
	objects = {

/* Begin PBXBuildFile section */
		5659478218DDCF8200066ECE /* 157846_darkmast49_fightscene (mp3cut.net).wav in Resources */ = {isa = PBXBuildFile; fileRef = 5659477518DDCF8200066ECE /* 157846_darkmast49_fightscene (mp3cut.net).wav */; };
		5659478318DDCF8200066ECE /* 138490__randomationpictures__powerdown-2.wav in Resources */ = {isa = PBXBuildFile; fileRef = 5659477618DDCF8200066ECE /* 138490__randomationpictures__powerdown-2.wav */; };
		5659478418DDCF8200066ECE /* Computer Error-SoundBible.com-1655839472.wav in Resources */ = {isa = PBXBuildFile; fileRef = 5659477718DDCF8200066ECE /* Computer Error-SoundBible.com-1655839472.wav */; };
		5659478518DDCF8200066ECE /* 157846__darkmast49__fightscene.mp3 in Resources */ = {isa = PBXBuildFile; fileRef = 5659477818DDCF8200066ECE /* 157846__darkmast49__fightscene.mp3 */; };
		5659478618DDCF8200066ECE /* 177120__rdholder__2dogsound-tadaa1-3s-2013jan31-cc-by-30-us.wav in Resources */ = {isa = PBXBuildFile; fileRef = 5659477918DDCF8200066ECE /* 177120__rdholder__2dogsound-tadaa1-3s-2013jan31-cc-by-30-us.wav */; };
		5659478718DDCF8200066ECE /* 171671__fins__success-1.wav in Resources */ = {isa = PBXBuildFile; fileRef = 5659477A18DDCF8200066ECE /* 171671__fins__success-1.wav */; };
		5659478918DDCF8200066ECE /* 219005__yap-audio-production__weaponswipe03.mp3 in Resources */ = {isa = PBXBuildFile; fileRef = 5659477C18DDCF8200066ECE /* 219005__yap-audio-production__weaponswipe03.mp3 */; };
		5659478A18DDCF8200066ECE /* 83237__mlestn1__pop.wav in Resources */ = {isa = PBXBuildFile; fileRef = 5659477D18DDCF8200066ECE /* 83237__mlestn1__pop.wav */; };
		5659478B18DDCF8200066ECE /* 67095__sunnysidesound__pop-9.aif in Resources */ = {isa = PBXBuildFile; fileRef = 5659477E18DDCF8200066ECE /* 67095__sunnysidesound__pop-9.aif */; };
		5659478C18DDCF8200066ECE /* 202230__deraj__pop-sound.wav in Resources */ = {isa = PBXBuildFile; fileRef = 5659477F18DDCF8200066ECE /* 202230__deraj__pop-sound.wav */; };
		5659478D18DDCF8200066ECE /* 47498__carlsablowedwards__mouthpop-02.wav in Resources */ = {isa = PBXBuildFile; fileRef = 5659478018DDCF8200066ECE /* 47498__carlsablowedwards__mouthpop-02.wav */; };
		5659478E18DDCF8200066ECE /* The Binary Code Song.mp3 in Resources */ = {isa = PBXBuildFile; fileRef = 5659478118DDCF8200066ECE /* The Binary Code Song.mp3 */; };
		5689E49218DDC9D900FF1594 /* AVFoundation.framework in Frameworks */ = {isa = PBXBuildFile; fileRef = 5689E49118DDC9D900FF1594 /* AVFoundation.framework */; };
		56BFB60D18EC6EFE0096A78E /* GZGameData.m in Sources */ = {isa = PBXBuildFile; fileRef = 56BFB60C18EC6EFE0096A78E /* GZGameData.m */; };
		9833B22B191628CB003A92E4 /* DomobAdSDKBundle.bundle in Resources */ = {isa = PBXBuildFile; fileRef = 9833B229191628CB003A92E4 /* DomobAdSDKBundle.bundle */; };
		9833B22C191628CB003A92E4 /* libDomobAdSDK.a in Frameworks */ = {isa = PBXBuildFile; fileRef = 9833B22A191628CB003A92E4 /* libDomobAdSDK.a */; };
		9833B22E19162903003A92E4 /* Security.framework in Frameworks */ = {isa = PBXBuildFile; fileRef = 9833B22D19162903003A92E4 /* Security.framework */; };
		9833B2301916290E003A92E4 /* CoreTelephony.framework in Frameworks */ = {isa = PBXBuildFile; fileRef = 9833B22F1916290E003A92E4 /* CoreTelephony.framework */; };
		9833B23219162918003A92E4 /* MessageUI.framework in Frameworks */ = {isa = PBXBuildFile; fileRef = 9833B23119162918003A92E4 /* MessageUI.framework */; };
		9833B23419162926003A92E4 /* CFNetwork.framework in Frameworks */ = {isa = PBXBuildFile; fileRef = 9833B23319162926003A92E4 /* CFNetwork.framework */; };
		9833B2361916292F003A92E4 /* MobileCoreServices.framework in Frameworks */ = {isa = PBXBuildFile; fileRef = 9833B2351916292F003A92E4 /* MobileCoreServices.framework */; };
		9833B2381916293D003A92E4 /* libz.dylib in Frameworks */ = {isa = PBXBuildFile; fileRef = 9833B2371916293D003A92E4 /* libz.dylib */; };
		9833B23A19162946003A92E4 /* CoreMedia.framework in Frameworks */ = {isa = PBXBuildFile; fileRef = 9833B23919162946003A92E4 /* CoreMedia.framework */; };
		9833B23C19162950003A92E4 /* MediaPlayer.framework in Frameworks */ = {isa = PBXBuildFile; fileRef = 9833B23B19162950003A92E4 /* MediaPlayer.framework */; };
		9833B23E1916296A003A92E4 /* CoreText.framework in Frameworks */ = {isa = PBXBuildFile; fileRef = 9833B23D1916296A003A92E4 /* CoreText.framework */; };
		9833B24019162971003A92E4 /* AdSupport.framework in Frameworks */ = {isa = PBXBuildFile; fileRef = 9833B23F19162971003A92E4 /* AdSupport.framework */; };
		9833B2421916297A003A92E4 /* CoreLocation.framework in Frameworks */ = {isa = PBXBuildFile; fileRef = 9833B2411916297A003A92E4 /* CoreLocation.framework */; };
		9833B2441916298F003A92E4 /* StoreKit.framework in Frameworks */ = {isa = PBXBuildFile; fileRef = 9833B2431916298F003A92E4 /* StoreKit.framework */; };
		9833B24619162997003A92E4 /* PassKit.framework in Frameworks */ = {isa = PBXBuildFile; fileRef = 9833B24519162997003A92E4 /* PassKit.framework */; };
		9833B247191629AA003A92E4 /* Social.framework in Frameworks */ = {isa = PBXBuildFile; fileRef = 5689E48F18DDC9D100FF1594 /* Social.framework */; };
		9833B249191629B2003A92E4 /* EventKit.framework in Frameworks */ = {isa = PBXBuildFile; fileRef = 9833B248191629B2003A92E4 /* EventKit.framework */; };
		9833B24B191629C5003A92E4 /* AudioToolbox.framework in Frameworks */ = {isa = PBXBuildFile; fileRef = 9833B24A191629C5003A92E4 /* AudioToolbox.framework */; };
		9833B24D191629CE003A92E4 /* libsqlite3.dylib in Frameworks */ = {isa = PBXBuildFile; fileRef = 9833B24C191629CE003A92E4 /* libsqlite3.dylib */; };
		9833B24F191629FE003A92E4 /* SystemConfiguration.framework in Frameworks */ = {isa = PBXBuildFile; fileRef = 9833B24E191629FE003A92E4 /* SystemConfiguration.framework */; };
		98554A3318FD0BDE00D95082 /* ios-social-sdk-shake.html in Resources */ = {isa = PBXBuildFile; fileRef = 98554A2A18FD0BDE00D95082 /* ios-social-sdk-shake.html */; };
		98554A3418FD0BDE00D95082 /* libUMSocial_Sdk_ScreenShot_1.0.a in Frameworks */ = {isa = PBXBuildFile; fileRef = 98554A2B18FD0BDE00D95082 /* libUMSocial_Sdk_ScreenShot_1.0.a */; };
		98554A3518FD0BDE00D95082 /* libSocialWechat.a in Frameworks */ = {isa = PBXBuildFile; fileRef = 98554A2E18FD0BDE00D95082 /* libSocialWechat.a */; };
		98554A3618FD0BDE00D95082 /* libWeChatSDK.a in Frameworks */ = {isa = PBXBuildFile; fileRef = 98554A2F18FD0BDE00D95082 /* libWeChatSDK.a */; };
		98E028A11906351600E45162 /* NSObject+NSJSONSerialization.m in Sources */ = {isa = PBXBuildFile; fileRef = 98E028A01906351600E45162 /* NSObject+NSJSONSerialization.m */; };
		98E028A619066A5900E45162 /* NRJokeViewController.m in Sources */ = {isa = PBXBuildFile; fileRef = 98E028A419066A5900E45162 /* NRJokeViewController.m */; };
		98E028A719066A5900E45162 /* NRJokeViewController.xib in Resources */ = {isa = PBXBuildFile; fileRef = 98E028A519066A5900E45162 /* NRJokeViewController.xib */; };
		9AE1B88401CF4ADF86A524E3 /* libPods-TW048.a in Frameworks */ = {isa = PBXBuildFile; fileRef = 6DD43AAF626249DABDBE11DA /* libPods-TW048.a */; };
		A6523F0F18DCCEA8001A68F0 /* QuartzCore.framework in Frameworks */ = {isa = PBXBuildFile; fileRef = A6523F0E18DCCEA8001A68F0 /* QuartzCore.framework */; };
		A6523F1218DCF0B2001A68F0 /* NRTile.m in Sources */ = {isa = PBXBuildFile; fileRef = A6523F1118DCF0B2001A68F0 /* NRTile.m */; };
		A6523F1818DD19FA001A68F0 /* NRTileMatrix.m in Sources */ = {isa = PBXBuildFile; fileRef = A6523F1718DD19FA001A68F0 /* NRTileMatrix.m */; };
		A6A4005F18DC76E800E11F35 /* NRTileMap.m in Sources */ = {isa = PBXBuildFile; fileRef = A6A4005E18DC76E800E11F35 /* NRTileMap.m */; };
		A6B1259218DC733900D07377 /* Main.storyboard in Resources */ = {isa = PBXBuildFile; fileRef = A6B2849A18DB210F00E2654D /* Main.storyboard */; };
		A6B2848718DB210F00E2654D /* Foundation.framework in Frameworks */ = {isa = PBXBuildFile; fileRef = A6B2848618DB210E00E2654D /* Foundation.framework */; };
		A6B2848918DB210F00E2654D /* CoreGraphics.framework in Frameworks */ = {isa = PBXBuildFile; fileRef = A6B2848818DB210F00E2654D /* CoreGraphics.framework */; };
		A6B2848B18DB210F00E2654D /* UIKit.framework in Frameworks */ = {isa = PBXBuildFile; fileRef = A6B2848A18DB210F00E2654D /* UIKit.framework */; };
		A6B2848D18DB210F00E2654D /* SpriteKit.framework in Frameworks */ = {isa = PBXBuildFile; fileRef = A6B2848C18DB210F00E2654D /* SpriteKit.framework */; };
		A6B2849518DB210F00E2654D /* main.m in Sources */ = {isa = PBXBuildFile; fileRef = A6B2849418DB210F00E2654D /* main.m */; };
		A6B2849918DB210F00E2654D /* NRAppDelegate.m in Sources */ = {isa = PBXBuildFile; fileRef = A6B2849818DB210F00E2654D /* NRAppDelegate.m */; };
		A6B2849F18DB210F00E2654D /* NRGameViewController.m in Sources */ = {isa = PBXBuildFile; fileRef = A6B2849E18DB210F00E2654D /* NRGameViewController.m */; };
		A6B284A218DB210F00E2654D /* NRGameScene.m in Sources */ = {isa = PBXBuildFile; fileRef = A6B284A118DB210F00E2654D /* NRGameScene.m */; };
		A6B284A618DB210F00E2654D /* Images.xcassets in Resources */ = {isa = PBXBuildFile; fileRef = A6B284A518DB210F00E2654D /* Images.xcassets */; };
		A6B284AD18DB210F00E2654D /* XCTest.framework in Frameworks */ = {isa = PBXBuildFile; fileRef = A6B284AC18DB210F00E2654D /* XCTest.framework */; };
		A6B284AE18DB210F00E2654D /* Foundation.framework in Frameworks */ = {isa = PBXBuildFile; fileRef = A6B2848618DB210E00E2654D /* Foundation.framework */; };
		A6B284AF18DB210F00E2654D /* UIKit.framework in Frameworks */ = {isa = PBXBuildFile; fileRef = A6B2848A18DB210F00E2654D /* UIKit.framework */; };
		A6B284B718DB210F00E2654D /* InfoPlist.strings in Resources */ = {isa = PBXBuildFile; fileRef = A6B284B518DB210F00E2654D /* InfoPlist.strings */; };
		A6B284B918DB210F00E2654D /* TW048Tests.m in Sources */ = {isa = PBXBuildFile; fileRef = A6B284B818DB210F00E2654D /* TW048Tests.m */; };
		A6E5A3EC18DDFB990082410C /* MZFormSheetBackgroundWindow.m in Sources */ = {isa = PBXBuildFile; fileRef = A6E5A3DF18DDFB990082410C /* MZFormSheetBackgroundWindow.m */; };
		A6E5A3ED18DDFB990082410C /* MZFormSheetBackgroundWindowViewController.m in Sources */ = {isa = PBXBuildFile; fileRef = A6E5A3E118DDFB990082410C /* MZFormSheetBackgroundWindowViewController.m */; };
		A6E5A3EE18DDFB990082410C /* MZFormSheetController.m in Sources */ = {isa = PBXBuildFile; fileRef = A6E5A3E318DDFB990082410C /* MZFormSheetController.m */; };
		A6E5A3EF18DDFB990082410C /* MZFormSheetSegue.m in Sources */ = {isa = PBXBuildFile; fileRef = A6E5A3E518DDFB990082410C /* MZFormSheetSegue.m */; };
		A6E5A3F018DDFB990082410C /* MZTransition.m in Sources */ = {isa = PBXBuildFile; fileRef = A6E5A3E718DDFB990082410C /* MZTransition.m */; };
		A6E5A3F118DDFB990082410C /* UIImage+Additional.m in Sources */ = {isa = PBXBuildFile; fileRef = A6E5A3E918DDFB990082410C /* UIImage+Additional.m */; };
		A6E5A3F218DDFB990082410C /* UIViewController+TargetViewController.m in Sources */ = {isa = PBXBuildFile; fileRef = A6E5A3EB18DDFB990082410C /* UIViewController+TargetViewController.m */; };
		A6E5A3F518DDFC700082410C /* NRGameOverSheetViewController.m in Sources */ = {isa = PBXBuildFile; fileRef = A6E5A3F418DDFC700082410C /* NRGameOverSheetViewController.m */; };
		A6E5A3FB18DDFDD00082410C /* MZAppearance.m in Sources */ = {isa = PBXBuildFile; fileRef = A6E5A3F818DDFDD00082410C /* MZAppearance.m */; };
		A6E5A3FC18DDFDD00082410C /* NSInvocation+Copy.m in Sources */ = {isa = PBXBuildFile; fileRef = A6E5A3FA18DDFDD00082410C /* NSInvocation+Copy.m */; };
		A6E79CF318DDD2C600301D99 /* Acknowledgements.md in Resources */ = {isa = PBXBuildFile; fileRef = A6E79CF218DDD2C600301D99 /* Acknowledgements.md */; };
		A6E79CF618DDEC9D00301D99 /* SoundPlayer.m in Sources */ = {isa = PBXBuildFile; fileRef = A6E79CF518DDEC9D00301D99 /* SoundPlayer.m */; };
/* End PBXBuildFile section */

/* Begin PBXContainerItemProxy section */
		A6B284B018DB210F00E2654D /* PBXContainerItemProxy */ = {
			isa = PBXContainerItemProxy;
			containerPortal = A6B2847B18DB210D00E2654D /* Project object */;
			proxyType = 1;
			remoteGlobalIDString = A6B2848218DB210E00E2654D;
			remoteInfo = TW048;
		};
/* End PBXContainerItemProxy section */

/* Begin PBXFileReference section */
		5659477518DDCF8200066ECE /* 157846_darkmast49_fightscene (mp3cut.net).wav */ = {isa = PBXFileReference; lastKnownFileType = audio.wav; path = "157846_darkmast49_fightscene (mp3cut.net).wav"; sourceTree = "<group>"; };
		5659477618DDCF8200066ECE /* 138490__randomationpictures__powerdown-2.wav */ = {isa = PBXFileReference; lastKnownFileType = audio.wav; path = "138490__randomationpictures__powerdown-2.wav"; sourceTree = "<group>"; };
		5659477718DDCF8200066ECE /* Computer Error-SoundBible.com-1655839472.wav */ = {isa = PBXFileReference; lastKnownFileType = audio.wav; path = "Computer Error-SoundBible.com-1655839472.wav"; sourceTree = "<group>"; };
		5659477818DDCF8200066ECE /* 157846__darkmast49__fightscene.mp3 */ = {isa = PBXFileReference; lastKnownFileType = audio.mp3; path = 157846__darkmast49__fightscene.mp3; sourceTree = "<group>"; };
		5659477918DDCF8200066ECE /* 177120__rdholder__2dogsound-tadaa1-3s-2013jan31-cc-by-30-us.wav */ = {isa = PBXFileReference; lastKnownFileType = audio.wav; path = "177120__rdholder__2dogsound-tadaa1-3s-2013jan31-cc-by-30-us.wav"; sourceTree = "<group>"; };
		5659477A18DDCF8200066ECE /* 171671__fins__success-1.wav */ = {isa = PBXFileReference; lastKnownFileType = audio.wav; path = "171671__fins__success-1.wav"; sourceTree = "<group>"; };
		5659477C18DDCF8200066ECE /* 219005__yap-audio-production__weaponswipe03.mp3 */ = {isa = PBXFileReference; lastKnownFileType = audio.mp3; path = "219005__yap-audio-production__weaponswipe03.mp3"; sourceTree = "<group>"; };
		5659477D18DDCF8200066ECE /* 83237__mlestn1__pop.wav */ = {isa = PBXFileReference; lastKnownFileType = audio.wav; path = 83237__mlestn1__pop.wav; sourceTree = "<group>"; };
		5659477E18DDCF8200066ECE /* 67095__sunnysidesound__pop-9.aif */ = {isa = PBXFileReference; lastKnownFileType = file; path = "67095__sunnysidesound__pop-9.aif"; sourceTree = "<group>"; };
		5659477F18DDCF8200066ECE /* 202230__deraj__pop-sound.wav */ = {isa = PBXFileReference; lastKnownFileType = audio.wav; path = "202230__deraj__pop-sound.wav"; sourceTree = "<group>"; };
		5659478018DDCF8200066ECE /* 47498__carlsablowedwards__mouthpop-02.wav */ = {isa = PBXFileReference; lastKnownFileType = audio.wav; path = "47498__carlsablowedwards__mouthpop-02.wav"; sourceTree = "<group>"; };
		5659478118DDCF8200066ECE /* The Binary Code Song.mp3 */ = {isa = PBXFileReference; lastKnownFileType = audio.mp3; path = "The Binary Code Song.mp3"; sourceTree = "<group>"; };
		5689E48F18DDC9D100FF1594 /* Social.framework */ = {isa = PBXFileReference; lastKnownFileType = wrapper.framework; name = Social.framework; path = System/Library/Frameworks/Social.framework; sourceTree = SDKROOT; };
		5689E49118DDC9D900FF1594 /* AVFoundation.framework */ = {isa = PBXFileReference; lastKnownFileType = wrapper.framework; name = AVFoundation.framework; path = System/Library/Frameworks/AVFoundation.framework; sourceTree = SDKROOT; };
		56BFB60B18EC6EFE0096A78E /* GZGameData.h */ = {isa = PBXFileReference; fileEncoding = 4; lastKnownFileType = sourcecode.c.h; path = GZGameData.h; sourceTree = "<group>"; };
		56BFB60C18EC6EFE0096A78E /* GZGameData.m */ = {isa = PBXFileReference; fileEncoding = 4; lastKnownFileType = sourcecode.c.objc; path = GZGameData.m; sourceTree = "<group>"; };
		56C1173E18DF941300F6E79B /* LauchImageR4.png */ = {isa = PBXFileReference; lastKnownFileType = image.png; path = LauchImageR4.png; sourceTree = "<group>"; };
		56C1173F18DF941300F6E79B /* LauchImage@2x.png */ = {isa = PBXFileReference; lastKnownFileType = image.png; path = "LauchImage@2x.png"; sourceTree = "<group>"; };
		56C1174418DF944D00F6E79B /* AppIcon29x29.png */ = {isa = PBXFileReference; lastKnownFileType = image.png; path = AppIcon29x29.png; sourceTree = "<group>"; };
		56C1174518DF944D00F6E79B /* AppIcon29x29@2x.png */ = {isa = PBXFileReference; lastKnownFileType = image.png; path = "AppIcon29x29@2x.png"; sourceTree = "<group>"; };
		56C1174618DF944D00F6E79B /* AppIcon40x40.png */ = {isa = PBXFileReference; lastKnownFileType = image.png; path = AppIcon40x40.png; sourceTree = "<group>"; };
		56C1174718DF944D00F6E79B /* AppIcon40x40@2x.png */ = {isa = PBXFileReference; lastKnownFileType = image.png; path = "AppIcon40x40@2x.png"; sourceTree = "<group>"; };
		56C1174818DF944D00F6E79B /* AppIcon50x50.png */ = {isa = PBXFileReference; lastKnownFileType = image.png; path = AppIcon50x50.png; sourceTree = "<group>"; };
		56C1174918DF944D00F6E79B /* AppIcon50x50@2x.png */ = {isa = PBXFileReference; lastKnownFileType = image.png; path = "AppIcon50x50@2x.png"; sourceTree = "<group>"; };
		56C1174A18DF944D00F6E79B /* AppIcon57x57.png */ = {isa = PBXFileReference; lastKnownFileType = image.png; path = AppIcon57x57.png; sourceTree = "<group>"; };
		56C1174B18DF944D00F6E79B /* AppIcon57x57@2x.png */ = {isa = PBXFileReference; lastKnownFileType = image.png; path = "AppIcon57x57@2x.png"; sourceTree = "<group>"; };
		56C1174C18DF944D00F6E79B /* AppIcon60x60.png */ = {isa = PBXFileReference; lastKnownFileType = image.png; path = AppIcon60x60.png; sourceTree = "<group>"; };
		56C1174D18DF944D00F6E79B /* AppIcon60x60@2x.png */ = {isa = PBXFileReference; lastKnownFileType = image.png; path = "AppIcon60x60@2x.png"; sourceTree = "<group>"; };
		56C1174E18DF944D00F6E79B /* AppIcon72x72.png */ = {isa = PBXFileReference; lastKnownFileType = image.png; path = AppIcon72x72.png; sourceTree = "<group>"; };
		56C1174F18DF944D00F6E79B /* AppIcon72x72@2x.png */ = {isa = PBXFileReference; lastKnownFileType = image.png; path = "AppIcon72x72@2x.png"; sourceTree = "<group>"; };
		56C1175018DF944D00F6E79B /* AppIcon76x76.png */ = {isa = PBXFileReference; lastKnownFileType = image.png; path = AppIcon76x76.png; sourceTree = "<group>"; };
		56C1175118DF944D00F6E79B /* AppIcon76x76@2x.png */ = {isa = PBXFileReference; lastKnownFileType = image.png; path = "AppIcon76x76@2x.png"; sourceTree = "<group>"; };
		56C1175218DF944D00F6E79B /* iTunesArtwork.png */ = {isa = PBXFileReference; lastKnownFileType = image.png; path = iTunesArtwork.png; sourceTree = "<group>"; };
		56C1175318DF944D00F6E79B /* iTunesArtwork@2x.png */ = {isa = PBXFileReference; lastKnownFileType = image.png; path = "iTunesArtwork@2x.png"; sourceTree = "<group>"; };
		67FDAA5ACD684BF1AD75A5AA /* Pods-TW048.xcconfig */ = {isa = PBXFileReference; includeInIndex = 1; lastKnownFileType = text.xcconfig; name = "Pods-TW048.xcconfig"; path = "Pods/Pods-TW048.xcconfig"; sourceTree = "<group>"; };
		6DD43AAF626249DABDBE11DA /* libPods-TW048.a */ = {isa = PBXFileReference; explicitFileType = archive.ar; includeInIndex = 0; path = "libPods-TW048.a"; sourceTree = BUILT_PRODUCTS_DIR; };
		9833B222191628CB003A92E4 /* DMAdView.h */ = {isa = PBXFileReference; fileEncoding = 4; lastKnownFileType = sourcecode.c.h; path = DMAdView.h; sourceTree = "<group>"; };
		9833B223191628CB003A92E4 /* DMFeedsAdView.h */ = {isa = PBXFileReference; fileEncoding = 4; lastKnownFileType = sourcecode.c.h; path = DMFeedsAdView.h; sourceTree = "<group>"; };
		9833B224191628CB003A92E4 /* DMInterstitialAdController.h */ = {isa = PBXFileReference; fileEncoding = 4; lastKnownFileType = sourcecode.c.h; path = DMInterstitialAdController.h; sourceTree = "<group>"; };
		9833B225191628CB003A92E4 /* DMRTSplashAdController.h */ = {isa = PBXFileReference; fileEncoding = 4; lastKnownFileType = sourcecode.c.h; path = DMRTSplashAdController.h; sourceTree = "<group>"; };
		9833B226191628CB003A92E4 /* DMSplashAdController.h */ = {isa = PBXFileReference; fileEncoding = 4; lastKnownFileType = sourcecode.c.h; path = DMSplashAdController.h; sourceTree = "<group>"; };
		9833B227191628CB003A92E4 /* DMTools.h */ = {isa = PBXFileReference; fileEncoding = 4; lastKnownFileType = sourcecode.c.h; path = DMTools.h; sourceTree = "<group>"; };
		9833B229191628CB003A92E4 /* DomobAdSDKBundle.bundle */ = {isa = PBXFileReference; lastKnownFileType = "wrapper.plug-in"; path = DomobAdSDKBundle.bundle; sourceTree = "<group>"; };
		9833B22A191628CB003A92E4 /* libDomobAdSDK.a */ = {isa = PBXFileReference; lastKnownFileType = archive.ar; path = libDomobAdSDK.a; sourceTree = "<group>"; };
		9833B22D19162903003A92E4 /* Security.framework */ = {isa = PBXFileReference; lastKnownFileType = wrapper.framework; name = Security.framework; path = System/Library/Frameworks/Security.framework; sourceTree = SDKROOT; };
		9833B22F1916290E003A92E4 /* CoreTelephony.framework */ = {isa = PBXFileReference; lastKnownFileType = wrapper.framework; name = CoreTelephony.framework; path = System/Library/Frameworks/CoreTelephony.framework; sourceTree = SDKROOT; };
		9833B23119162918003A92E4 /* MessageUI.framework */ = {isa = PBXFileReference; lastKnownFileType = wrapper.framework; name = MessageUI.framework; path = System/Library/Frameworks/MessageUI.framework; sourceTree = SDKROOT; };
		9833B23319162926003A92E4 /* CFNetwork.framework */ = {isa = PBXFileReference; lastKnownFileType = wrapper.framework; name = CFNetwork.framework; path = System/Library/Frameworks/CFNetwork.framework; sourceTree = SDKROOT; };
		9833B2351916292F003A92E4 /* MobileCoreServices.framework */ = {isa = PBXFileReference; lastKnownFileType = wrapper.framework; name = MobileCoreServices.framework; path = System/Library/Frameworks/MobileCoreServices.framework; sourceTree = SDKROOT; };
		9833B2371916293D003A92E4 /* libz.dylib */ = {isa = PBXFileReference; lastKnownFileType = "compiled.mach-o.dylib"; name = libz.dylib; path = usr/lib/libz.dylib; sourceTree = SDKROOT; };
		9833B23919162946003A92E4 /* CoreMedia.framework */ = {isa = PBXFileReference; lastKnownFileType = wrapper.framework; name = CoreMedia.framework; path = System/Library/Frameworks/CoreMedia.framework; sourceTree = SDKROOT; };
		9833B23B19162950003A92E4 /* MediaPlayer.framework */ = {isa = PBXFileReference; lastKnownFileType = wrapper.framework; name = MediaPlayer.framework; path = System/Library/Frameworks/MediaPlayer.framework; sourceTree = SDKROOT; };
		9833B23D1916296A003A92E4 /* CoreText.framework */ = {isa = PBXFileReference; lastKnownFileType = wrapper.framework; name = CoreText.framework; path = System/Library/Frameworks/CoreText.framework; sourceTree = SDKROOT; };
		9833B23F19162971003A92E4 /* AdSupport.framework */ = {isa = PBXFileReference; lastKnownFileType = wrapper.framework; name = AdSupport.framework; path = System/Library/Frameworks/AdSupport.framework; sourceTree = SDKROOT; };
		9833B2411916297A003A92E4 /* CoreLocation.framework */ = {isa = PBXFileReference; lastKnownFileType = wrapper.framework; name = CoreLocation.framework; path = System/Library/Frameworks/CoreLocation.framework; sourceTree = SDKROOT; };
		9833B2431916298F003A92E4 /* StoreKit.framework */ = {isa = PBXFileReference; lastKnownFileType = wrapper.framework; name = StoreKit.framework; path = System/Library/Frameworks/StoreKit.framework; sourceTree = SDKROOT; };
		9833B24519162997003A92E4 /* PassKit.framework */ = {isa = PBXFileReference; lastKnownFileType = wrapper.framework; name = PassKit.framework; path = System/Library/Frameworks/PassKit.framework; sourceTree = SDKROOT; };
		9833B248191629B2003A92E4 /* EventKit.framework */ = {isa = PBXFileReference; lastKnownFileType = wrapper.framework; name = EventKit.framework; path = System/Library/Frameworks/EventKit.framework; sourceTree = SDKROOT; };
		9833B24A191629C5003A92E4 /* AudioToolbox.framework */ = {isa = PBXFileReference; lastKnownFileType = wrapper.framework; name = AudioToolbox.framework; path = System/Library/Frameworks/AudioToolbox.framework; sourceTree = SDKROOT; };
		9833B24C191629CE003A92E4 /* libsqlite3.dylib */ = {isa = PBXFileReference; lastKnownFileType = "compiled.mach-o.dylib"; name = libsqlite3.dylib; path = usr/lib/libsqlite3.dylib; sourceTree = SDKROOT; };
		9833B24E191629FE003A92E4 /* SystemConfiguration.framework */ = {isa = PBXFileReference; lastKnownFileType = wrapper.framework; name = SystemConfiguration.framework; path = System/Library/Frameworks/SystemConfiguration.framework; sourceTree = SDKROOT; };
		98554A2A18FD0BDE00D95082 /* ios-social-sdk-shake.html */ = {isa = PBXFileReference; fileEncoding = 4; lastKnownFileType = text.html; path = "ios-social-sdk-shake.html"; sourceTree = "<group>"; };
		98554A2B18FD0BDE00D95082 /* libUMSocial_Sdk_ScreenShot_1.0.a */ = {isa = PBXFileReference; lastKnownFileType = archive.ar; path = libUMSocial_Sdk_ScreenShot_1.0.a; sourceTree = "<group>"; };
		98554A2C18FD0BDE00D95082 /* UMSocialScreenShoter.h */ = {isa = PBXFileReference; fileEncoding = 4; lastKnownFileType = sourcecode.c.h; path = UMSocialScreenShoter.h; sourceTree = "<group>"; };
		98554A2E18FD0BDE00D95082 /* libSocialWechat.a */ = {isa = PBXFileReference; lastKnownFileType = archive.ar; path = libSocialWechat.a; sourceTree = "<group>"; };
		98554A2F18FD0BDE00D95082 /* libWeChatSDK.a */ = {isa = PBXFileReference; lastKnownFileType = archive.ar; path = libWeChatSDK.a; sourceTree = "<group>"; };
		98554A3018FD0BDE00D95082 /* UMSocialWechatHandler.h */ = {isa = PBXFileReference; fileEncoding = 4; lastKnownFileType = sourcecode.c.h; path = UMSocialWechatHandler.h; sourceTree = "<group>"; };
		98554A3118FD0BDE00D95082 /* WXApi.h */ = {isa = PBXFileReference; fileEncoding = 4; lastKnownFileType = sourcecode.c.h; path = WXApi.h; sourceTree = "<group>"; };
		98554A3218FD0BDE00D95082 /* WXApiObject.h */ = {isa = PBXFileReference; fileEncoding = 4; lastKnownFileType = sourcecode.c.h; path = WXApiObject.h; sourceTree = "<group>"; };
		98E0289F1906351600E45162 /* NSObject+NSJSONSerialization.h */ = {isa = PBXFileReference; fileEncoding = 4; lastKnownFileType = sourcecode.c.h; path = "NSObject+NSJSONSerialization.h"; sourceTree = "<group>"; };
		98E028A01906351600E45162 /* NSObject+NSJSONSerialization.m */ = {isa = PBXFileReference; fileEncoding = 4; lastKnownFileType = sourcecode.c.objc; path = "NSObject+NSJSONSerialization.m"; sourceTree = "<group>"; };
		98E028A319066A5900E45162 /* NRJokeViewController.h */ = {isa = PBXFileReference; fileEncoding = 4; lastKnownFileType = sourcecode.c.h; path = NRJokeViewController.h; sourceTree = "<group>"; };
		98E028A419066A5900E45162 /* NRJokeViewController.m */ = {isa = PBXFileReference; fileEncoding = 4; lastKnownFileType = sourcecode.c.objc; path = NRJokeViewController.m; sourceTree = "<group>"; };
		98E028A519066A5900E45162 /* NRJokeViewController.xib */ = {isa = PBXFileReference; fileEncoding = 4; lastKnownFileType = file.xib; path = NRJokeViewController.xib; sourceTree = "<group>"; };
		A6523F0E18DCCEA8001A68F0 /* QuartzCore.framework */ = {isa = PBXFileReference; lastKnownFileType = wrapper.framework; name = QuartzCore.framework; path = System/Library/Frameworks/QuartzCore.framework; sourceTree = SDKROOT; };
		A6523F1018DCF0B2001A68F0 /* NRTile.h */ = {isa = PBXFileReference; fileEncoding = 4; lastKnownFileType = sourcecode.c.h; path = NRTile.h; sourceTree = "<group>"; };
		A6523F1118DCF0B2001A68F0 /* NRTile.m */ = {isa = PBXFileReference; fileEncoding = 4; lastKnownFileType = sourcecode.c.objc; path = NRTile.m; sourceTree = "<group>"; };
		A6523F1618DD19FA001A68F0 /* NRTileMatrix.h */ = {isa = PBXFileReference; fileEncoding = 4; lastKnownFileType = sourcecode.c.h; path = NRTileMatrix.h; sourceTree = "<group>"; };
		A6523F1718DD19FA001A68F0 /* NRTileMatrix.m */ = {isa = PBXFileReference; fileEncoding = 4; lastKnownFileType = sourcecode.c.objc; path = NRTileMatrix.m; sourceTree = "<group>"; };
		A6A4005D18DC76E800E11F35 /* NRTileMap.h */ = {isa = PBXFileReference; fileEncoding = 4; lastKnownFileType = sourcecode.c.h; path = NRTileMap.h; sourceTree = "<group>"; };
		A6A4005E18DC76E800E11F35 /* NRTileMap.m */ = {isa = PBXFileReference; fileEncoding = 4; lastKnownFileType = sourcecode.c.objc; path = NRTileMap.m; sourceTree = "<group>"; };
		A6B2848318DB210E00E2654D /* TW048.app */ = {isa = PBXFileReference; explicitFileType = wrapper.application; includeInIndex = 0; path = TW048.app; sourceTree = BUILT_PRODUCTS_DIR; };
		A6B2848618DB210E00E2654D /* Foundation.framework */ = {isa = PBXFileReference; lastKnownFileType = wrapper.framework; name = Foundation.framework; path = System/Library/Frameworks/Foundation.framework; sourceTree = SDKROOT; };
		A6B2848818DB210F00E2654D /* CoreGraphics.framework */ = {isa = PBXFileReference; lastKnownFileType = wrapper.framework; name = CoreGraphics.framework; path = System/Library/Frameworks/CoreGraphics.framework; sourceTree = SDKROOT; };
		A6B2848A18DB210F00E2654D /* UIKit.framework */ = {isa = PBXFileReference; lastKnownFileType = wrapper.framework; name = UIKit.framework; path = System/Library/Frameworks/UIKit.framework; sourceTree = SDKROOT; };
		A6B2848C18DB210F00E2654D /* SpriteKit.framework */ = {isa = PBXFileReference; lastKnownFileType = wrapper.framework; name = SpriteKit.framework; path = System/Library/Frameworks/SpriteKit.framework; sourceTree = SDKROOT; };
		A6B2849018DB210F00E2654D /* TW048-Info.plist */ = {isa = PBXFileReference; lastKnownFileType = text.plist.xml; path = "TW048-Info.plist"; sourceTree = "<group>"; };
		A6B2849218DB210F00E2654D /* en */ = {isa = PBXFileReference; lastKnownFileType = text.plist.strings; name = en; path = en.lproj/InfoPlist.strings; sourceTree = "<group>"; };
		A6B2849418DB210F00E2654D /* main.m */ = {isa = PBXFileReference; lastKnownFileType = sourcecode.c.objc; path = main.m; sourceTree = "<group>"; };
		A6B2849618DB210F00E2654D /* TW048-Prefix.pch */ = {isa = PBXFileReference; lastKnownFileType = sourcecode.c.h; path = "TW048-Prefix.pch"; sourceTree = "<group>"; };
		A6B2849718DB210F00E2654D /* NRAppDelegate.h */ = {isa = PBXFileReference; lastKnownFileType = sourcecode.c.h; path = NRAppDelegate.h; sourceTree = "<group>"; };
		A6B2849818DB210F00E2654D /* NRAppDelegate.m */ = {isa = PBXFileReference; lastKnownFileType = sourcecode.c.objc; path = NRAppDelegate.m; sourceTree = "<group>"; };
		A6B2849B18DB210F00E2654D /* Base */ = {isa = PBXFileReference; lastKnownFileType = file.storyboard; name = Base; path = Base.lproj/Main.storyboard; sourceTree = "<group>"; };
		A6B2849D18DB210F00E2654D /* NRGameViewController.h */ = {isa = PBXFileReference; lastKnownFileType = sourcecode.c.h; path = NRGameViewController.h; sourceTree = "<group>"; };
		A6B2849E18DB210F00E2654D /* NRGameViewController.m */ = {isa = PBXFileReference; lastKnownFileType = sourcecode.c.objc; path = NRGameViewController.m; sourceTree = "<group>"; };
		A6B284A018DB210F00E2654D /* NRGameScene.h */ = {isa = PBXFileReference; lastKnownFileType = sourcecode.c.h; path = NRGameScene.h; sourceTree = "<group>"; };
		A6B284A118DB210F00E2654D /* NRGameScene.m */ = {isa = PBXFileReference; lastKnownFileType = sourcecode.c.objc; path = NRGameScene.m; sourceTree = "<group>"; };
		A6B284A518DB210F00E2654D /* Images.xcassets */ = {isa = PBXFileReference; lastKnownFileType = folder.assetcatalog; path = Images.xcassets; sourceTree = "<group>"; };
		A6B284AB18DB210F00E2654D /* TW048Tests.xctest */ = {isa = PBXFileReference; explicitFileType = wrapper.cfbundle; includeInIndex = 0; path = TW048Tests.xctest; sourceTree = BUILT_PRODUCTS_DIR; };
		A6B284AC18DB210F00E2654D /* XCTest.framework */ = {isa = PBXFileReference; lastKnownFileType = wrapper.framework; name = XCTest.framework; path = Library/Frameworks/XCTest.framework; sourceTree = DEVELOPER_DIR; };
		A6B284B418DB210F00E2654D /* TW048Tests-Info.plist */ = {isa = PBXFileReference; lastKnownFileType = text.plist.xml; path = "TW048Tests-Info.plist"; sourceTree = "<group>"; };
		A6B284B618DB210F00E2654D /* en */ = {isa = PBXFileReference; lastKnownFileType = text.plist.strings; name = en; path = en.lproj/InfoPlist.strings; sourceTree = "<group>"; };
		A6B284B818DB210F00E2654D /* TW048Tests.m */ = {isa = PBXFileReference; lastKnownFileType = sourcecode.c.objc; path = TW048Tests.m; sourceTree = "<group>"; };
		A6E5A3DE18DDFB990082410C /* MZFormSheetBackgroundWindow.h */ = {isa = PBXFileReference; fileEncoding = 4; lastKnownFileType = sourcecode.c.h; path = MZFormSheetBackgroundWindow.h; sourceTree = "<group>"; };
		A6E5A3DF18DDFB990082410C /* MZFormSheetBackgroundWindow.m */ = {isa = PBXFileReference; fileEncoding = 4; lastKnownFileType = sourcecode.c.objc; path = MZFormSheetBackgroundWindow.m; sourceTree = "<group>"; };
		A6E5A3E018DDFB990082410C /* MZFormSheetBackgroundWindowViewController.h */ = {isa = PBXFileReference; fileEncoding = 4; lastKnownFileType = sourcecode.c.h; path = MZFormSheetBackgroundWindowViewController.h; sourceTree = "<group>"; };
		A6E5A3E118DDFB990082410C /* MZFormSheetBackgroundWindowViewController.m */ = {isa = PBXFileReference; fileEncoding = 4; lastKnownFileType = sourcecode.c.objc; path = MZFormSheetBackgroundWindowViewController.m; sourceTree = "<group>"; };
		A6E5A3E218DDFB990082410C /* MZFormSheetController.h */ = {isa = PBXFileReference; fileEncoding = 4; lastKnownFileType = sourcecode.c.h; path = MZFormSheetController.h; sourceTree = "<group>"; };
		A6E5A3E318DDFB990082410C /* MZFormSheetController.m */ = {isa = PBXFileReference; fileEncoding = 4; lastKnownFileType = sourcecode.c.objc; path = MZFormSheetController.m; sourceTree = "<group>"; };
		A6E5A3E418DDFB990082410C /* MZFormSheetSegue.h */ = {isa = PBXFileReference; fileEncoding = 4; lastKnownFileType = sourcecode.c.h; path = MZFormSheetSegue.h; sourceTree = "<group>"; };
		A6E5A3E518DDFB990082410C /* MZFormSheetSegue.m */ = {isa = PBXFileReference; fileEncoding = 4; lastKnownFileType = sourcecode.c.objc; path = MZFormSheetSegue.m; sourceTree = "<group>"; };
		A6E5A3E618DDFB990082410C /* MZTransition.h */ = {isa = PBXFileReference; fileEncoding = 4; lastKnownFileType = sourcecode.c.h; path = MZTransition.h; sourceTree = "<group>"; };
		A6E5A3E718DDFB990082410C /* MZTransition.m */ = {isa = PBXFileReference; fileEncoding = 4; lastKnownFileType = sourcecode.c.objc; path = MZTransition.m; sourceTree = "<group>"; };
		A6E5A3E818DDFB990082410C /* UIImage+Additional.h */ = {isa = PBXFileReference; fileEncoding = 4; lastKnownFileType = sourcecode.c.h; path = "UIImage+Additional.h"; sourceTree = "<group>"; };
		A6E5A3E918DDFB990082410C /* UIImage+Additional.m */ = {isa = PBXFileReference; fileEncoding = 4; lastKnownFileType = sourcecode.c.objc; path = "UIImage+Additional.m"; sourceTree = "<group>"; };
		A6E5A3EA18DDFB990082410C /* UIViewController+TargetViewController.h */ = {isa = PBXFileReference; fileEncoding = 4; lastKnownFileType = sourcecode.c.h; path = "UIViewController+TargetViewController.h"; sourceTree = "<group>"; };
		A6E5A3EB18DDFB990082410C /* UIViewController+TargetViewController.m */ = {isa = PBXFileReference; fileEncoding = 4; lastKnownFileType = sourcecode.c.objc; path = "UIViewController+TargetViewController.m"; sourceTree = "<group>"; };
		A6E5A3F318DDFC700082410C /* NRGameOverSheetViewController.h */ = {isa = PBXFileReference; fileEncoding = 4; lastKnownFileType = sourcecode.c.h; path = NRGameOverSheetViewController.h; sourceTree = "<group>"; };
		A6E5A3F418DDFC700082410C /* NRGameOverSheetViewController.m */ = {isa = PBXFileReference; fileEncoding = 4; lastKnownFileType = sourcecode.c.objc; path = NRGameOverSheetViewController.m; sourceTree = "<group>"; };
		A6E5A3F718DDFDD00082410C /* MZAppearance.h */ = {isa = PBXFileReference; fileEncoding = 4; lastKnownFileType = sourcecode.c.h; path = MZAppearance.h; sourceTree = "<group>"; };
		A6E5A3F818DDFDD00082410C /* MZAppearance.m */ = {isa = PBXFileReference; fileEncoding = 4; lastKnownFileType = sourcecode.c.objc; path = MZAppearance.m; sourceTree = "<group>"; };
		A6E5A3F918DDFDD00082410C /* NSInvocation+Copy.h */ = {isa = PBXFileReference; fileEncoding = 4; lastKnownFileType = sourcecode.c.h; path = "NSInvocation+Copy.h"; sourceTree = "<group>"; };
		A6E5A3FA18DDFDD00082410C /* NSInvocation+Copy.m */ = {isa = PBXFileReference; fileEncoding = 4; lastKnownFileType = sourcecode.c.objc; path = "NSInvocation+Copy.m"; sourceTree = "<group>"; };
		A6E79CF218DDD2C600301D99 /* Acknowledgements.md */ = {isa = PBXFileReference; fileEncoding = 4; lastKnownFileType = text; path = Acknowledgements.md; sourceTree = "<group>"; };
		A6E79CF418DDEC9D00301D99 /* SoundPlayer.h */ = {isa = PBXFileReference; fileEncoding = 4; lastKnownFileType = sourcecode.c.h; path = SoundPlayer.h; sourceTree = "<group>"; };
		A6E79CF518DDEC9D00301D99 /* SoundPlayer.m */ = {isa = PBXFileReference; fileEncoding = 4; lastKnownFileType = sourcecode.c.objc; path = SoundPlayer.m; sourceTree = "<group>"; };
/* End PBXFileReference section */

/* Begin PBXFrameworksBuildPhase section */
		A6B2848018DB210E00E2654D /* Frameworks */ = {
			isa = PBXFrameworksBuildPhase;
			buildActionMask = 2147483647;
			files = (
				9833B24F191629FE003A92E4 /* SystemConfiguration.framework in Frameworks */,
				A6B2848718DB210F00E2654D /* Foundation.framework in Frameworks */,
				9833B24D191629CE003A92E4 /* libsqlite3.dylib in Frameworks */,
				9833B24B191629C5003A92E4 /* AudioToolbox.framework in Frameworks */,
				5689E49218DDC9D900FF1594 /* AVFoundation.framework in Frameworks */,
				9833B249191629B2003A92E4 /* EventKit.framework in Frameworks */,
				9833B247191629AA003A92E4 /* Social.framework in Frameworks */,
				9833B24619162997003A92E4 /* PassKit.framework in Frameworks */,
				9833B2441916298F003A92E4 /* StoreKit.framework in Frameworks */,
				9833B2421916297A003A92E4 /* CoreLocation.framework in Frameworks */,
				9833B24019162971003A92E4 /* AdSupport.framework in Frameworks */,
				9833B23E1916296A003A92E4 /* CoreText.framework in Frameworks */,
				A6523F0F18DCCEA8001A68F0 /* QuartzCore.framework in Frameworks */,
				9833B23C19162950003A92E4 /* MediaPlayer.framework in Frameworks */,
				9833B23A19162946003A92E4 /* CoreMedia.framework in Frameworks */,
				9833B2381916293D003A92E4 /* libz.dylib in Frameworks */,
				9833B2361916292F003A92E4 /* MobileCoreServices.framework in Frameworks */,
				9833B23419162926003A92E4 /* CFNetwork.framework in Frameworks */,
				9833B23219162918003A92E4 /* MessageUI.framework in Frameworks */,
				9833B2301916290E003A92E4 /* CoreTelephony.framework in Frameworks */,
				9833B22E19162903003A92E4 /* Security.framework in Frameworks */,
				A6B2848918DB210F00E2654D /* CoreGraphics.framework in Frameworks */,
				A6B2848B18DB210F00E2654D /* UIKit.framework in Frameworks */,
				98554A3618FD0BDE00D95082 /* libWeChatSDK.a in Frameworks */,
				A6B2848D18DB210F00E2654D /* SpriteKit.framework in Frameworks */,
				98554A3518FD0BDE00D95082 /* libSocialWechat.a in Frameworks */,
				9833B22C191628CB003A92E4 /* libDomobAdSDK.a in Frameworks */,
				98554A3418FD0BDE00D95082 /* libUMSocial_Sdk_ScreenShot_1.0.a in Frameworks */,
				9AE1B88401CF4ADF86A524E3 /* libPods-TW048.a in Frameworks */,
			);
			runOnlyForDeploymentPostprocessing = 0;
		};
		A6B284A818DB210F00E2654D /* Frameworks */ = {
			isa = PBXFrameworksBuildPhase;
			buildActionMask = 2147483647;
			files = (
				A6B284AD18DB210F00E2654D /* XCTest.framework in Frameworks */,
				A6B284AF18DB210F00E2654D /* UIKit.framework in Frameworks */,
				A6B284AE18DB210F00E2654D /* Foundation.framework in Frameworks */,
			);
			runOnlyForDeploymentPostprocessing = 0;
		};
/* End PBXFrameworksBuildPhase section */

/* Begin PBXGroup section */
		56339B5B18E76BAB008713F9 /* Tools */ = {
			isa = PBXGroup;
			children = (
				A6E5A3DD18DDFB990082410C /* MZFormSheetController */,
				98E0289F1906351600E45162 /* NSObject+NSJSONSerialization.h */,
				98E028A01906351600E45162 /* NSObject+NSJSONSerialization.m */,
				A6E79CF418DDEC9D00301D99 /* SoundPlayer.h */,
				A6E79CF518DDEC9D00301D99 /* SoundPlayer.m */,
			);
			name = Tools;
			sourceTree = "<group>";
		};
		56339B5C18E76BEB008713F9 /* Resources */ = {
			isa = PBXGroup;
			children = (
				A6B284A518DB210F00E2654D /* Images.xcassets */,
				5659478F18DDCFAD00066ECE /* Sounds */,
				56C1174218DF943800F6E79B /* Pictures */,
				A6B2848F18DB210F00E2654D /* Supporting Files */,
			);
			name = Resources;
			sourceTree = "<group>";
		};
		5659478F18DDCFAD00066ECE /* Sounds */ = {
			isa = PBXGroup;
			children = (
				5659479118DDD06400066ECE /* Background */,
				5659479218DDD07600066ECE /* Failure */,
				5659479318DDD08400066ECE /* Success */,
				5659479418DDD09A00066ECE /* Swipe */,
				5659479518DDD0B000066ECE /* Pop */,
			);
			name = Sounds;
			sourceTree = "<group>";
		};
		5659479118DDD06400066ECE /* Background */ = {
			isa = PBXGroup;
			children = (
				5659477518DDCF8200066ECE /* 157846_darkmast49_fightscene (mp3cut.net).wav */,
				5659477818DDCF8200066ECE /* 157846__darkmast49__fightscene.mp3 */,
				5659478118DDCF8200066ECE /* The Binary Code Song.mp3 */,
			);
			name = Background;
			sourceTree = "<group>";
		};
		5659479218DDD07600066ECE /* Failure */ = {
			isa = PBXGroup;
			children = (
				5659477618DDCF8200066ECE /* 138490__randomationpictures__powerdown-2.wav */,
				5659477718DDCF8200066ECE /* Computer Error-SoundBible.com-1655839472.wav */,
			);
			name = Failure;
			sourceTree = "<group>";
		};
		5659479318DDD08400066ECE /* Success */ = {
			isa = PBXGroup;
			children = (
				5659477918DDCF8200066ECE /* 177120__rdholder__2dogsound-tadaa1-3s-2013jan31-cc-by-30-us.wav */,
				5659477A18DDCF8200066ECE /* 171671__fins__success-1.wav */,
			);
			name = Success;
			sourceTree = "<group>";
		};
		5659479418DDD09A00066ECE /* Swipe */ = {
			isa = PBXGroup;
			children = (
				5659477C18DDCF8200066ECE /* 219005__yap-audio-production__weaponswipe03.mp3 */,
			);
			name = Swipe;
			sourceTree = "<group>";
		};
		5659479518DDD0B000066ECE /* Pop */ = {
			isa = PBXGroup;
			children = (
				5659477D18DDCF8200066ECE /* 83237__mlestn1__pop.wav */,
				5659477E18DDCF8200066ECE /* 67095__sunnysidesound__pop-9.aif */,
				5659477F18DDCF8200066ECE /* 202230__deraj__pop-sound.wav */,
				5659478018DDCF8200066ECE /* 47498__carlsablowedwards__mouthpop-02.wav */,
			);
			name = Pop;
			sourceTree = "<group>";
		};
		56BFB60E18EC6F030096A78E /* Model */ = {
			isa = PBXGroup;
			children = (
				56BFB60B18EC6EFE0096A78E /* GZGameData.h */,
				56BFB60C18EC6EFE0096A78E /* GZGameData.m */,
			);
			name = Model;
			sourceTree = "<group>";
		};
		56C1174218DF943800F6E79B /* Pictures */ = {
			isa = PBXGroup;
			children = (
				56C1174318DF944D00F6E79B /* App Icon [Squared] */,
				56C1173E18DF941300F6E79B /* LauchImageR4.png */,
				56C1173F18DF941300F6E79B /* LauchImage@2x.png */,
			);
			name = Pictures;
			sourceTree = "<group>";
		};
		56C1174318DF944D00F6E79B /* App Icon [Squared] */ = {
			isa = PBXGroup;
			children = (
				56C1174418DF944D00F6E79B /* AppIcon29x29.png */,
				56C1174518DF944D00F6E79B /* AppIcon29x29@2x.png */,
				56C1174618DF944D00F6E79B /* AppIcon40x40.png */,
				56C1174718DF944D00F6E79B /* AppIcon40x40@2x.png */,
				56C1174818DF944D00F6E79B /* AppIcon50x50.png */,
				56C1174918DF944D00F6E79B /* AppIcon50x50@2x.png */,
				56C1174A18DF944D00F6E79B /* AppIcon57x57.png */,
				56C1174B18DF944D00F6E79B /* AppIcon57x57@2x.png */,
				56C1174C18DF944D00F6E79B /* AppIcon60x60.png */,
				56C1174D18DF944D00F6E79B /* AppIcon60x60@2x.png */,
				56C1174E18DF944D00F6E79B /* AppIcon72x72.png */,
				56C1174F18DF944D00F6E79B /* AppIcon72x72@2x.png */,
				56C1175018DF944D00F6E79B /* AppIcon76x76.png */,
				56C1175118DF944D00F6E79B /* AppIcon76x76@2x.png */,
				56C1175218DF944D00F6E79B /* iTunesArtwork.png */,
				56C1175318DF944D00F6E79B /* iTunesArtwork@2x.png */,
			);
			path = "App Icon [Squared]";
			sourceTree = "<group>";
		};
		9833B221191628CB003A92E4 /* DomobAdSDK */ = {
			isa = PBXGroup;
			children = (
				9833B222191628CB003A92E4 /* DMAdView.h */,
				9833B223191628CB003A92E4 /* DMFeedsAdView.h */,
				9833B224191628CB003A92E4 /* DMInterstitialAdController.h */,
				9833B225191628CB003A92E4 /* DMRTSplashAdController.h */,
				9833B226191628CB003A92E4 /* DMSplashAdController.h */,
				9833B227191628CB003A92E4 /* DMTools.h */,
				9833B228191628CB003A92E4 /* DomobAdSDKBundle */,
				9833B22A191628CB003A92E4 /* libDomobAdSDK.a */,
			);
			path = DomobAdSDK;
			sourceTree = "<group>";
		};
		9833B228191628CB003A92E4 /* DomobAdSDKBundle */ = {
			isa = PBXGroup;
			children = (
				9833B229191628CB003A92E4 /* DomobAdSDKBundle.bundle */,
			);
			path = DomobAdSDKBundle;
			sourceTree = "<group>";
		};
		98554A2818FD0BDE00D95082 /* UMeng_Extra */ = {
			isa = PBXGroup;
			children = (
				98554A2918FD0BDE00D95082 /* UMSocial_ScreenShot_Sdk */,
				98554A2D18FD0BDE00D95082 /* Wechat */,
			);
			path = UMeng_Extra;
			sourceTree = "<group>";
		};
		98554A2918FD0BDE00D95082 /* UMSocial_ScreenShot_Sdk */ = {
			isa = PBXGroup;
			children = (
				98554A2A18FD0BDE00D95082 /* ios-social-sdk-shake.html */,
				98554A2B18FD0BDE00D95082 /* libUMSocial_Sdk_ScreenShot_1.0.a */,
				98554A2C18FD0BDE00D95082 /* UMSocialScreenShoter.h */,
			);
			path = UMSocial_ScreenShot_Sdk;
			sourceTree = "<group>";
		};
		98554A2D18FD0BDE00D95082 /* Wechat */ = {
			isa = PBXGroup;
			children = (
				98554A2E18FD0BDE00D95082 /* libSocialWechat.a */,
				98554A2F18FD0BDE00D95082 /* libWeChatSDK.a */,
				98554A3018FD0BDE00D95082 /* UMSocialWechatHandler.h */,
				98554A3118FD0BDE00D95082 /* WXApi.h */,
				98554A3218FD0BDE00D95082 /* WXApiObject.h */,
			);
			path = Wechat;
			sourceTree = "<group>";
		};
		98E028A219066A1D00E45162 /* JokeDisplayView */ = {
			isa = PBXGroup;
			children = (
				98E028A319066A5900E45162 /* NRJokeViewController.h */,
				98E028A419066A5900E45162 /* NRJokeViewController.m */,
				98E028A519066A5900E45162 /* NRJokeViewController.xib */,
			);
			name = JokeDisplayView;
			sourceTree = "<group>";
		};
		A6B2847A18DB210D00E2654D = {
			isa = PBXGroup;
			children = (
				A6B2848E18DB210F00E2654D /* TW048 */,
				A6B284B218DB210F00E2654D /* TW048Tests */,
				A6B2848518DB210E00E2654D /* Frameworks */,
				A6B2848418DB210E00E2654D /* Products */,
				67FDAA5ACD684BF1AD75A5AA /* Pods-TW048.xcconfig */,
			);
			sourceTree = "<group>";
		};
		A6B2848418DB210E00E2654D /* Products */ = {
			isa = PBXGroup;
			children = (
				A6B2848318DB210E00E2654D /* TW048.app */,
				A6B284AB18DB210F00E2654D /* TW048Tests.xctest */,
			);
			name = Products;
			sourceTree = "<group>";
		};
		A6B2848518DB210E00E2654D /* Frameworks */ = {
			isa = PBXGroup;
			children = (
				9833B24E191629FE003A92E4 /* SystemConfiguration.framework */,
				9833B24C191629CE003A92E4 /* libsqlite3.dylib */,
				9833B24A191629C5003A92E4 /* AudioToolbox.framework */,
				9833B248191629B2003A92E4 /* EventKit.framework */,
				9833B24519162997003A92E4 /* PassKit.framework */,
				9833B2431916298F003A92E4 /* StoreKit.framework */,
				9833B2411916297A003A92E4 /* CoreLocation.framework */,
				9833B23F19162971003A92E4 /* AdSupport.framework */,
				9833B23D1916296A003A92E4 /* CoreText.framework */,
				9833B23B19162950003A92E4 /* MediaPlayer.framework */,
				9833B23919162946003A92E4 /* CoreMedia.framework */,
				9833B2371916293D003A92E4 /* libz.dylib */,
				9833B2351916292F003A92E4 /* MobileCoreServices.framework */,
				9833B23319162926003A92E4 /* CFNetwork.framework */,
				9833B23119162918003A92E4 /* MessageUI.framework */,
				9833B22F1916290E003A92E4 /* CoreTelephony.framework */,
				9833B22D19162903003A92E4 /* Security.framework */,
				5689E49118DDC9D900FF1594 /* AVFoundation.framework */,
				5689E48F18DDC9D100FF1594 /* Social.framework */,
				A6523F0E18DCCEA8001A68F0 /* QuartzCore.framework */,
				A6B2848618DB210E00E2654D /* Foundation.framework */,
				A6B2848818DB210F00E2654D /* CoreGraphics.framework */,
				A6B2848A18DB210F00E2654D /* UIKit.framework */,
				A6B2848C18DB210F00E2654D /* SpriteKit.framework */,
				A6B284AC18DB210F00E2654D /* XCTest.framework */,
				6DD43AAF626249DABDBE11DA /* libPods-TW048.a */,
			);
			name = Frameworks;
			sourceTree = "<group>";
		};
		A6B2848E18DB210F00E2654D /* TW048 */ = {
			isa = PBXGroup;
			children = (
				9833B221191628CB003A92E4 /* DomobAdSDK */,
				98E028A219066A1D00E45162 /* JokeDisplayView */,
				A6B2849718DB210F00E2654D /* NRAppDelegate.h */,
				A6B2849818DB210F00E2654D /* NRAppDelegate.m */,
				A6B2849A18DB210F00E2654D /* Main.storyboard */,
				A6B2849D18DB210F00E2654D /* NRGameViewController.h */,
				A6B2849E18DB210F00E2654D /* NRGameViewController.m */,
				A6E5A3F318DDFC700082410C /* NRGameOverSheetViewController.h */,
				A6E5A3F418DDFC700082410C /* NRGameOverSheetViewController.m */,
				A6D44D7A18DB564C004619FE /* Game Scene */,
				98554A2818FD0BDE00D95082 /* UMeng_Extra */,
				56BFB60E18EC6F030096A78E /* Model */,
				56339B5B18E76BAB008713F9 /* Tools */,
				56339B5C18E76BEB008713F9 /* Resources */,
			);
			path = TW048;
			sourceTree = "<group>";
		};
		A6B2848F18DB210F00E2654D /* Supporting Files */ = {
			isa = PBXGroup;
			children = (
				A6B2849018DB210F00E2654D /* TW048-Info.plist */,
				A6E79CF218DDD2C600301D99 /* Acknowledgements.md */,
				A6B2849118DB210F00E2654D /* InfoPlist.strings */,
				A6B2849418DB210F00E2654D /* main.m */,
				A6B2849618DB210F00E2654D /* TW048-Prefix.pch */,
			);
			name = "Supporting Files";
			sourceTree = "<group>";
		};
		A6B284B218DB210F00E2654D /* TW048Tests */ = {
			isa = PBXGroup;
			children = (
				A6B284B818DB210F00E2654D /* TW048Tests.m */,
				A6B284B318DB210F00E2654D /* Supporting Files */,
			);
			path = TW048Tests;
			sourceTree = "<group>";
		};
		A6B284B318DB210F00E2654D /* Supporting Files */ = {
			isa = PBXGroup;
			children = (
				A6B284B418DB210F00E2654D /* TW048Tests-Info.plist */,
				A6B284B518DB210F00E2654D /* InfoPlist.strings */,
			);
			name = "Supporting Files";
			sourceTree = "<group>";
		};
		A6D44D7A18DB564C004619FE /* Game Scene */ = {
			isa = PBXGroup;
			children = (
				A6B284A018DB210F00E2654D /* NRGameScene.h */,
				A6B284A118DB210F00E2654D /* NRGameScene.m */,
				A6A4005D18DC76E800E11F35 /* NRTileMap.h */,
				A6A4005E18DC76E800E11F35 /* NRTileMap.m */,
				A6523F1018DCF0B2001A68F0 /* NRTile.h */,
				A6523F1118DCF0B2001A68F0 /* NRTile.m */,
				A6523F1618DD19FA001A68F0 /* NRTileMatrix.h */,
				A6523F1718DD19FA001A68F0 /* NRTileMatrix.m */,
			);
			name = "Game Scene";
			sourceTree = "<group>";
		};
		A6E5A3DD18DDFB990082410C /* MZFormSheetController */ = {
			isa = PBXGroup;
			children = (
				A6E5A3F618DDFDD00082410C /* Additional */,
				A6E5A3DE18DDFB990082410C /* MZFormSheetBackgroundWindow.h */,
				A6E5A3DF18DDFB990082410C /* MZFormSheetBackgroundWindow.m */,
				A6E5A3E018DDFB990082410C /* MZFormSheetBackgroundWindowViewController.h */,
				A6E5A3E118DDFB990082410C /* MZFormSheetBackgroundWindowViewController.m */,
				A6E5A3E218DDFB990082410C /* MZFormSheetController.h */,
				A6E5A3E318DDFB990082410C /* MZFormSheetController.m */,
				A6E5A3E418DDFB990082410C /* MZFormSheetSegue.h */,
				A6E5A3E518DDFB990082410C /* MZFormSheetSegue.m */,
				A6E5A3E618DDFB990082410C /* MZTransition.h */,
				A6E5A3E718DDFB990082410C /* MZTransition.m */,
				A6E5A3E818DDFB990082410C /* UIImage+Additional.h */,
				A6E5A3E918DDFB990082410C /* UIImage+Additional.m */,
				A6E5A3EA18DDFB990082410C /* UIViewController+TargetViewController.h */,
				A6E5A3EB18DDFB990082410C /* UIViewController+TargetViewController.m */,
			);
			path = MZFormSheetController;
			sourceTree = "<group>";
		};
		A6E5A3F618DDFDD00082410C /* Additional */ = {
			isa = PBXGroup;
			children = (
				A6E5A3F718DDFDD00082410C /* MZAppearance.h */,
				A6E5A3F818DDFDD00082410C /* MZAppearance.m */,
				A6E5A3F918DDFDD00082410C /* NSInvocation+Copy.h */,
				A6E5A3FA18DDFDD00082410C /* NSInvocation+Copy.m */,
			);
			path = Additional;
			sourceTree = "<group>";
		};
/* End PBXGroup section */

/* Begin PBXNativeTarget section */
		A6B2848218DB210E00E2654D /* TW048 */ = {
			isa = PBXNativeTarget;
			buildConfigurationList = A6B284BC18DB210F00E2654D /* Build configuration list for PBXNativeTarget "TW048" */;
			buildPhases = (
				B7F9E5E9A45B4182A5A1E999 /* Check Pods Manifest.lock */,
				A6B2847F18DB210E00E2654D /* Sources */,
				A6B2848018DB210E00E2654D /* Frameworks */,
				A6B2848118DB210E00E2654D /* Resources */,
				B9D22DF2563F4E9D89761B3F /* Copy Pods Resources */,
			);
			buildRules = (
			);
			dependencies = (
			);
			name = TW048;
			productName = TW048;
			productReference = A6B2848318DB210E00E2654D /* TW048.app */;
			productType = "com.apple.product-type.application";
		};
		A6B284AA18DB210F00E2654D /* TW048Tests */ = {
			isa = PBXNativeTarget;
			buildConfigurationList = A6B284BF18DB210F00E2654D /* Build configuration list for PBXNativeTarget "TW048Tests" */;
			buildPhases = (
				A6B284A718DB210F00E2654D /* Sources */,
				A6B284A818DB210F00E2654D /* Frameworks */,
				A6B284A918DB210F00E2654D /* Resources */,
			);
			buildRules = (
			);
			dependencies = (
				A6B284B118DB210F00E2654D /* PBXTargetDependency */,
			);
			name = TW048Tests;
			productName = TW048Tests;
			productReference = A6B284AB18DB210F00E2654D /* TW048Tests.xctest */;
			productType = "com.apple.product-type.bundle.unit-test";
		};
/* End PBXNativeTarget section */

/* Begin PBXProject section */
		A6B2847B18DB210D00E2654D /* Project object */ = {
			isa = PBXProject;
			attributes = {
				CLASSPREFIX = NR;
				LastUpgradeCheck = 0510;
				ORGANIZATIONNAME = "Niklas Riekenbrauck";
				TargetAttributes = {
					A6B2848218DB210E00E2654D = {
						DevelopmentTeam = SFJPT2TG3Z;
					};
					A6B284AA18DB210F00E2654D = {
						TestTargetID = A6B2848218DB210E00E2654D;
					};
				};
			};
			buildConfigurationList = A6B2847E18DB210D00E2654D /* Build configuration list for PBXProject "TW048" */;
			compatibilityVersion = "Xcode 3.2";
			developmentRegion = English;
			hasScannedForEncodings = 0;
			knownRegions = (
				en,
				Base,
			);
			mainGroup = A6B2847A18DB210D00E2654D;
			productRefGroup = A6B2848418DB210E00E2654D /* Products */;
			projectDirPath = "";
			projectRoot = "";
			targets = (
				A6B2848218DB210E00E2654D /* TW048 */,
				A6B284AA18DB210F00E2654D /* TW048Tests */,
			);
		};
/* End PBXProject section */

/* Begin PBXResourcesBuildPhase section */
		A6B2848118DB210E00E2654D /* Resources */ = {
			isa = PBXResourcesBuildPhase;
			buildActionMask = 2147483647;
			files = (
				5659478518DDCF8200066ECE /* 157846__darkmast49__fightscene.mp3 in Resources */,
				5659478A18DDCF8200066ECE /* 83237__mlestn1__pop.wav in Resources */,
				98E028A719066A5900E45162 /* NRJokeViewController.xib in Resources */,
				9833B22B191628CB003A92E4 /* DomobAdSDKBundle.bundle in Resources */,
				5659478218DDCF8200066ECE /* 157846_darkmast49_fightscene (mp3cut.net).wav in Resources */,
				5659478418DDCF8200066ECE /* Computer Error-SoundBible.com-1655839472.wav in Resources */,
				5659478318DDCF8200066ECE /* 138490__randomationpictures__powerdown-2.wav in Resources */,
				5659478918DDCF8200066ECE /* 219005__yap-audio-production__weaponswipe03.mp3 in Resources */,
				A6B1259218DC733900D07377 /* Main.storyboard in Resources */,
				98554A3318FD0BDE00D95082 /* ios-social-sdk-shake.html in Resources */,
				5659478618DDCF8200066ECE /* 177120__rdholder__2dogsound-tadaa1-3s-2013jan31-cc-by-30-us.wav in Resources */,
				5659478D18DDCF8200066ECE /* 47498__carlsablowedwards__mouthpop-02.wav in Resources */,
				5659478718DDCF8200066ECE /* 171671__fins__success-1.wav in Resources */,
				5659478B18DDCF8200066ECE /* 67095__sunnysidesound__pop-9.aif in Resources */,
				5659478C18DDCF8200066ECE /* 202230__deraj__pop-sound.wav in Resources */,
				5659478E18DDCF8200066ECE /* The Binary Code Song.mp3 in Resources */,
				A6E79CF318DDD2C600301D99 /* Acknowledgements.md in Resources */,
				A6B284A618DB210F00E2654D /* Images.xcassets in Resources */,
			);
			runOnlyForDeploymentPostprocessing = 0;
		};
		A6B284A918DB210F00E2654D /* Resources */ = {
			isa = PBXResourcesBuildPhase;
			buildActionMask = 2147483647;
			files = (
				A6B284B718DB210F00E2654D /* InfoPlist.strings in Resources */,
			);
			runOnlyForDeploymentPostprocessing = 0;
		};
/* End PBXResourcesBuildPhase section */

/* Begin PBXShellScriptBuildPhase section */
		B7F9E5E9A45B4182A5A1E999 /* Check Pods Manifest.lock */ = {
			isa = PBXShellScriptBuildPhase;
			buildActionMask = 2147483647;
			files = (
			);
			inputPaths = (
			);
			name = "Check Pods Manifest.lock";
			outputPaths = (
			);
			runOnlyForDeploymentPostprocessing = 0;
			shellPath = /bin/sh;
			shellScript = "diff \"${PODS_ROOT}/../Podfile.lock\" \"${PODS_ROOT}/Manifest.lock\" > /dev/null\nif [[ $? != 0 ]] ; then\n    cat << EOM\nerror: The sandbox is not in sync with the Podfile.lock. Run 'pod install' or update your CocoaPods installation.\nEOM\n    exit 1\nfi\n";
			showEnvVarsInLog = 0;
		};
		B9D22DF2563F4E9D89761B3F /* Copy Pods Resources */ = {
			isa = PBXShellScriptBuildPhase;
			buildActionMask = 2147483647;
			files = (
			);
			inputPaths = (
			);
			name = "Copy Pods Resources";
			outputPaths = (
			);
			runOnlyForDeploymentPostprocessing = 0;
			shellPath = /bin/sh;
			shellScript = "\"${SRCROOT}/Pods/Pods-TW048-resources.sh\"\n";
			showEnvVarsInLog = 0;
		};
/* End PBXShellScriptBuildPhase section */

/* Begin PBXSourcesBuildPhase section */
		A6B2847F18DB210E00E2654D /* Sources */ = {
			isa = PBXSourcesBuildPhase;
			buildActionMask = 2147483647;
			files = (
				A6E5A3EF18DDFB990082410C /* MZFormSheetSegue.m in Sources */,
				A6E5A3EC18DDFB990082410C /* MZFormSheetBackgroundWindow.m in Sources */,
				98E028A619066A5900E45162 /* NRJokeViewController.m in Sources */,
				56BFB60D18EC6EFE0096A78E /* GZGameData.m in Sources */,
				A6523F1218DCF0B2001A68F0 /* NRTile.m in Sources */,
				A6523F1818DD19FA001A68F0 /* NRTileMatrix.m in Sources */,
				A6E5A3F118DDFB990082410C /* UIImage+Additional.m in Sources */,
				A6B2849F18DB210F00E2654D /* NRGameViewController.m in Sources */,
				A6E5A3EE18DDFB990082410C /* MZFormSheetController.m in Sources */,
				A6E5A3FC18DDFDD00082410C /* NSInvocation+Copy.m in Sources */,
				A6E5A3F218DDFB990082410C /* UIViewController+TargetViewController.m in Sources */,
				A6B2849918DB210F00E2654D /* NRAppDelegate.m in Sources */,
				A6E5A3FB18DDFDD00082410C /* MZAppearance.m in Sources */,
				A6E5A3F518DDFC700082410C /* NRGameOverSheetViewController.m in Sources */,
				A6B284A218DB210F00E2654D /* NRGameScene.m in Sources */,
				A6A4005F18DC76E800E11F35 /* NRTileMap.m in Sources */,
				A6B2849518DB210F00E2654D /* main.m in Sources */,
				A6E5A3ED18DDFB990082410C /* MZFormSheetBackgroundWindowViewController.m in Sources */,
				98E028A11906351600E45162 /* NSObject+NSJSONSerialization.m in Sources */,
				A6E79CF618DDEC9D00301D99 /* SoundPlayer.m in Sources */,
				A6E5A3F018DDFB990082410C /* MZTransition.m in Sources */,
			);
			runOnlyForDeploymentPostprocessing = 0;
		};
		A6B284A718DB210F00E2654D /* Sources */ = {
			isa = PBXSourcesBuildPhase;
			buildActionMask = 2147483647;
			files = (
				A6B284B918DB210F00E2654D /* TW048Tests.m in Sources */,
			);
			runOnlyForDeploymentPostprocessing = 0;
		};
/* End PBXSourcesBuildPhase section */

/* Begin PBXTargetDependency section */
		A6B284B118DB210F00E2654D /* PBXTargetDependency */ = {
			isa = PBXTargetDependency;
			target = A6B2848218DB210E00E2654D /* TW048 */;
			targetProxy = A6B284B018DB210F00E2654D /* PBXContainerItemProxy */;
		};
/* End PBXTargetDependency section */

/* Begin PBXVariantGroup section */
		A6B2849118DB210F00E2654D /* InfoPlist.strings */ = {
			isa = PBXVariantGroup;
			children = (
				A6B2849218DB210F00E2654D /* en */,
			);
			name = InfoPlist.strings;
			sourceTree = "<group>";
		};
		A6B2849A18DB210F00E2654D /* Main.storyboard */ = {
			isa = PBXVariantGroup;
			children = (
				A6B2849B18DB210F00E2654D /* Base */,
			);
			name = Main.storyboard;
			sourceTree = "<group>";
		};
		A6B284B518DB210F00E2654D /* InfoPlist.strings */ = {
			isa = PBXVariantGroup;
			children = (
				A6B284B618DB210F00E2654D /* en */,
			);
			name = InfoPlist.strings;
			sourceTree = "<group>";
		};
/* End PBXVariantGroup section */

/* Begin XCBuildConfiguration section */
		A6B284BA18DB210F00E2654D /* Debug */ = {
			isa = XCBuildConfiguration;
			buildSettings = {
				ALWAYS_SEARCH_USER_PATHS = NO;
				CLANG_CXX_LANGUAGE_STANDARD = "gnu++0x";
				CLANG_CXX_LIBRARY = "libc++";
				CLANG_ENABLE_MODULES = YES;
				CLANG_ENABLE_OBJC_ARC = YES;
				CLANG_WARN_BOOL_CONVERSION = YES;
				CLANG_WARN_CONSTANT_CONVERSION = YES;
				CLANG_WARN_DIRECT_OBJC_ISA_USAGE = YES_ERROR;
				CLANG_WARN_EMPTY_BODY = YES;
				CLANG_WARN_ENUM_CONVERSION = YES;
				CLANG_WARN_INT_CONVERSION = YES;
				CLANG_WARN_OBJC_ROOT_CLASS = YES_ERROR;
				CLANG_WARN__DUPLICATE_METHOD_MATCH = YES;
				"CODE_SIGN_IDENTITY[sdk=iphoneos*]" = "iPhone Developer";
				COPY_PHASE_STRIP = NO;
				GCC_C_LANGUAGE_STANDARD = gnu99;
				GCC_DYNAMIC_NO_PIC = NO;
				GCC_OPTIMIZATION_LEVEL = 0;
				GCC_PREPROCESSOR_DEFINITIONS = (
					"DEBUG=1",
					"$(inherited)",
				);
				GCC_SYMBOLS_PRIVATE_EXTERN = NO;
				GCC_WARN_64_TO_32_BIT_CONVERSION = YES;
				GCC_WARN_ABOUT_RETURN_TYPE = YES_ERROR;
				GCC_WARN_UNDECLARED_SELECTOR = YES;
				GCC_WARN_UNINITIALIZED_AUTOS = YES_AGGRESSIVE;
				GCC_WARN_UNUSED_FUNCTION = YES;
				GCC_WARN_UNUSED_VARIABLE = YES;
				IPHONEOS_DEPLOYMENT_TARGET = 7.0;
				ONLY_ACTIVE_ARCH = NO;
				SDKROOT = iphoneos;
				VALID_ARCHS = "armv7 armv7s";
			};
			name = Debug;
		};
		A6B284BB18DB210F00E2654D /* Release */ = {
			isa = XCBuildConfiguration;
			buildSettings = {
				ALWAYS_SEARCH_USER_PATHS = NO;
				CLANG_CXX_LANGUAGE_STANDARD = "gnu++0x";
				CLANG_CXX_LIBRARY = "libc++";
				CLANG_ENABLE_MODULES = YES;
				CLANG_ENABLE_OBJC_ARC = YES;
				CLANG_WARN_BOOL_CONVERSION = YES;
				CLANG_WARN_CONSTANT_CONVERSION = YES;
				CLANG_WARN_DIRECT_OBJC_ISA_USAGE = YES_ERROR;
				CLANG_WARN_EMPTY_BODY = YES;
				CLANG_WARN_ENUM_CONVERSION = YES;
				CLANG_WARN_INT_CONVERSION = YES;
				CLANG_WARN_OBJC_ROOT_CLASS = YES_ERROR;
				CLANG_WARN__DUPLICATE_METHOD_MATCH = YES;
				"CODE_SIGN_IDENTITY[sdk=iphoneos*]" = "iPhone Developer";
				COPY_PHASE_STRIP = YES;
				ENABLE_NS_ASSERTIONS = NO;
				GCC_C_LANGUAGE_STANDARD = gnu99;
				GCC_WARN_64_TO_32_BIT_CONVERSION = YES;
				GCC_WARN_ABOUT_RETURN_TYPE = YES_ERROR;
				GCC_WARN_UNDECLARED_SELECTOR = YES;
				GCC_WARN_UNINITIALIZED_AUTOS = YES_AGGRESSIVE;
				GCC_WARN_UNUSED_FUNCTION = YES;
				GCC_WARN_UNUSED_VARIABLE = YES;
				IPHONEOS_DEPLOYMENT_TARGET = 7.0;
				SDKROOT = iphoneos;
				VALIDATE_PRODUCT = YES;
				VALID_ARCHS = "armv7 armv7s";
			};
			name = Release;
		};
		A6B284BD18DB210F00E2654D /* Debug */ = {
			isa = XCBuildConfiguration;
			baseConfigurationReference = 67FDAA5ACD684BF1AD75A5AA /* Pods-TW048.xcconfig */;
			buildSettings = {
				ASSETCATALOG_COMPILER_APPICON_NAME = AppIcon;
				ASSETCATALOG_COMPILER_LAUNCHIMAGE_NAME = LaunchImage;
				CODE_SIGN_IDENTITY = "iPhone Developer";
				GCC_PRECOMPILE_PREFIX_HEADER = YES;
				GCC_PREFIX_HEADER = "TW048/TW048-Prefix.pch";
				INFOPLIST_FILE = "TW048/TW048-Info.plist";
				LIBRARY_SEARCH_PATHS = (
					"$(inherited)",
					"$(PROJECT_DIR)/TW048/UMeng_Extra/UMSocial_ScreenShot_Sdk",
					"$(PROJECT_DIR)/TW048/UMeng_Extra/Wechat",
					"$(PROJECT_DIR)/TW048/DomobAdSDK",
				);
				ONLY_ACTIVE_ARCH = NO;
				OTHER_LDFLAGS = (
					"-ObjC",
					"-lMobClickLibrary",
					"-lSocialQQ",
					"-lSocialWechat",
					"-lUMSocial_Sdk_3.3.7",
					"-lUMSocial_Sdk_Comment_3.3.7",
					"-lWeChatSDK",
					"-liconv",
					"-lsqlite3",
					"-lstdc++",
					"-lxml2.2",
					"-lz",
					"-lz.1",
					"-framework",
					CFNetwork,
					"-framework",
					CoreGraphics,
					"-framework",
					CoreTelephony,
					"-framework",
					MobileCoreServices,
					"-framework",
					SystemConfiguration,
					"-framework",
					TencentOpenAPI,
					"-Objc",
					"-all_load",
				);
				PRODUCT_NAME = "$(TARGET_NAME)";
				SPRITEKIT_TEXTURE_ATLAS_OUTPUT = YES;
				VALID_ARCHS = "armv7 armv7s";
				WRAPPER_EXTENSION = app;
			};
			name = Debug;
		};
		A6B284BE18DB210F00E2654D /* Release */ = {
			isa = XCBuildConfiguration;
			baseConfigurationReference = 67FDAA5ACD684BF1AD75A5AA /* Pods-TW048.xcconfig */;
			buildSettings = {
				ASSETCATALOG_COMPILER_APPICON_NAME = AppIcon;
				ASSETCATALOG_COMPILER_LAUNCHIMAGE_NAME = LaunchImage;
				CODE_SIGN_IDENTITY = "iPhone Developer";
				GCC_PRECOMPILE_PREFIX_HEADER = YES;
				GCC_PREFIX_HEADER = "TW048/TW048-Prefix.pch";
				INFOPLIST_FILE = "TW048/TW048-Info.plist";
				LIBRARY_SEARCH_PATHS = (
					"$(inherited)",
					"$(PROJECT_DIR)/TW048/UMeng_Extra/UMSocial_ScreenShot_Sdk",
					"$(PROJECT_DIR)/TW048/UMeng_Extra/Wechat",
					"$(PROJECT_DIR)/TW048/DomobAdSDK",
				);
				ONLY_ACTIVE_ARCH = NO;
				OTHER_LDFLAGS = (
					"-ObjC",
					"-lMobClickLibrary",
					"-lSocialQQ",
					"-lSocialWechat",
					"-lUMSocial_Sdk_3.3.7",
					"-lUMSocial_Sdk_Comment_3.3.7",
					"-lWeChatSDK",
					"-liconv",
					"-lsqlite3",
					"-lstdc++",
					"-lxml2.2",
					"-lz",
					"-lz.1",
					"-framework",
					CFNetwork,
					"-framework",
					CoreGraphics,
					"-framework",
					CoreTelephony,
					"-framework",
					MobileCoreServices,
					"-framework",
					SystemConfiguration,
					"-framework",
					TencentOpenAPI,
					"-Objc",
					"-all_load",
				);
				PRODUCT_NAME = "$(TARGET_NAME)";
				SPRITEKIT_TEXTURE_ATLAS_OUTPUT = YES;
				VALID_ARCHS = "armv7 armv7s";
				WRAPPER_EXTENSION = app;
			};
			name = Release;
		};
		A6B284C018DB210F00E2654D /* Debug */ = {
			isa = XCBuildConfiguration;
			buildSettings = {
				BUNDLE_LOADER = "$(BUILT_PRODUCTS_DIR)/TW048.app/TW048";
				FRAMEWORK_SEARCH_PATHS = (
					"$(SDKROOT)/Developer/Library/Frameworks",
					"$(inherited)",
					"$(DEVELOPER_FRAMEWORKS_DIR)",
				);
				GCC_PRECOMPILE_PREFIX_HEADER = YES;
				GCC_PREFIX_HEADER = "TW048/TW048-Prefix.pch";
				GCC_PREPROCESSOR_DEFINITIONS = (
					"DEBUG=1",
					"$(inherited)",
				);
				INFOPLIST_FILE = "TW048Tests/TW048Tests-Info.plist";
				PRODUCT_NAME = "$(TARGET_NAME)";
				TEST_HOST = "$(BUNDLE_LOADER)";
				WRAPPER_EXTENSION = xctest;
			};
			name = Debug;
		};
		A6B284C118DB210F00E2654D /* Release */ = {
			isa = XCBuildConfiguration;
			buildSettings = {
				BUNDLE_LOADER = "$(BUILT_PRODUCTS_DIR)/TW048.app/TW048";
				FRAMEWORK_SEARCH_PATHS = (
					"$(SDKROOT)/Developer/Library/Frameworks",
					"$(inherited)",
					"$(DEVELOPER_FRAMEWORKS_DIR)",
				);
				GCC_PRECOMPILE_PREFIX_HEADER = YES;
				GCC_PREFIX_HEADER = "TW048/TW048-Prefix.pch";
				INFOPLIST_FILE = "TW048Tests/TW048Tests-Info.plist";
				PRODUCT_NAME = "$(TARGET_NAME)";
				TEST_HOST = "$(BUNDLE_LOADER)";
				WRAPPER_EXTENSION = xctest;
			};
			name = Release;
		};
/* End XCBuildConfiguration section */

/* Begin XCConfigurationList section */
		A6B2847E18DB210D00E2654D /* Build configuration list for PBXProject "TW048" */ = {
			isa = XCConfigurationList;
			buildConfigurations = (
				A6B284BA18DB210F00E2654D /* Debug */,
				A6B284BB18DB210F00E2654D /* Release */,
			);
			defaultConfigurationIsVisible = 0;
			defaultConfigurationName = Release;
		};
		A6B284BC18DB210F00E2654D /* Build configuration list for PBXNativeTarget "TW048" */ = {
			isa = XCConfigurationList;
			buildConfigurations = (
				A6B284BD18DB210F00E2654D /* Debug */,
				A6B284BE18DB210F00E2654D /* Release */,
			);
			defaultConfigurationIsVisible = 0;
			defaultConfigurationName = Release;
		};
		A6B284BF18DB210F00E2654D /* Build configuration list for PBXNativeTarget "TW048Tests" */ = {
			isa = XCConfigurationList;
			buildConfigurations = (
				A6B284C018DB210F00E2654D /* Debug */,
				A6B284C118DB210F00E2654D /* Release */,
			);
			defaultConfigurationIsVisible = 0;
			defaultConfigurationName = Release;
		};
/* End XCConfigurationList section */
	};
	rootObject = A6B2847B18DB210D00E2654D /* Project object */;
}
